
Microsoft Visual Studio Solution File, Format Version 12.00
# Visual Studio Version 16
VisualStudioVersion = 16.0.29911.84
MinimumVisualStudioVersion = 10.0.40219.1
Project("{FAE04EC0-301F-11D3-BF4B-00C04F79EFBC}") = "MLExperience", "MLExperience\MLExperience.csproj", "{EB4246BB-F652-4431-BA13-7DC780F0F19C}"
EndProject
Global
	GlobalSection(SolutionConfigurationPlatforms) = preSolution
		Debug|Any CPU = Debug|Any CPU
		Release|Any CPU = Release|Any CPU
	EndGlobalSection
	GlobalSection(ProjectConfigurationPlatforms) = postSolution
		{EB4246BB-F652-4431-BA13-7DC780F0F19C}.Debug|Any CPU.ActiveCfg = Debug|Any CPU
		{EB4246BB-F652-4431-BA13-7DC780F0F19C}.Debug|Any CPU.Build.0 = Debug|Any CPU
		{EB4246BB-F652-4431-BA13-7DC780F0F19C}.Release|Any CPU.ActiveCfg = Release|Any CPU
		{EB4246BB-F652-4431-BA13-7DC780F0F19C}.Release|Any CPU.Build.0 = Release|Any CPU
	EndGlobalSection
	GlobalSection(SolutionProperties) = preSolution
		HideSolutionNode = FALSE
	EndGlobalSection
	GlobalSection(ExtensibilityGlobals) = postSolution
		SolutionGuid = {8DEA6024-90B5-428F-87F2-F375DFD65337}
	EndGlobalSection
EndGlobal
